schema: '2.0'
stages:
  data_ingestion:
    cmd: python src/data_ingestion.py
    deps:
    - path: src/data_ingestion.py
      hash: md5
      md5: 21113cace5631a61159f1dd94bd5e17f
      size: 3439
    params:
      params.yaml:
        data_ingestion.test_size: 0.2
    outs:
    - path: data/raw
      hash: md5
      md5: 6a4d11ab83c20d7412f4696595c0b4d1.dir
      size: 479272
      nfiles: 2
  pre_processing:
    cmd: python src/pre_processing.py
    deps:
    - path: data/raw
      hash: md5
      md5: 6a4d11ab83c20d7412f4696595c0b4d1.dir
      size: 479272
      nfiles: 2
    - path: src/pre_processing.py
      hash: md5
      md5: 158130fa3ada2ed96ada460b539d42e9
      size: 3864
    outs:
    - path: data/interim
      hash: md5
      md5: d3f80ea917209a657caed01201ee2780.dir
      size: 254818
      nfiles: 2
  feature_eng:
    cmd: python src/feature_eng.py
    deps:
    - path: data/interim
      hash: md5
      md5: d3f80ea917209a657caed01201ee2780.dir
      size: 254818
      nfiles: 2
    - path: src/feature_eng.py
      hash: md5
      md5: 55c838f8b9b24bdf96f0bf4a576fbf73
      size: 3798
    params:
      params.yaml:
        feature_engineering.max_features: 35
    outs:
    - path: data/processed
      hash: md5
      md5: 6f393d613e1ef6777f08947b3ebd8e7e.dir
      size: 829484
      nfiles: 2
  model_training:
    cmd: python src/model_training.py
    deps:
    - path: data/processed
      hash: md5
      md5: 6f393d613e1ef6777f08947b3ebd8e7e.dir
      size: 829484
      nfiles: 2
    - path: src/model_training.py
      hash: md5
      md5: 17ca7834783a6b2822184e114c2d9980
      size: 4287
    params:
      params.yaml:
        model_building.n_estimators: 22
        model_building.random_state: 2
    outs:
    - path: models/model.pkl
      hash: md5
      md5: a1b7a2bde40926ad6c708c86dd3802ff
      size: 720181
  model_evaluation:
    cmd: python src/model_evaluation.py
    deps:
    - path: models/model.pkl
      hash: md5
      md5: a1b7a2bde40926ad6c708c86dd3802ff
      size: 720181
    - path: src/model_evaluation.py
      hash: md5
      md5: f5a7b0d5a4898a95e248255da966d89a
      size: 4144
    outs:
    - path: reports/metrics.json
      hash: md5
      md5: 531c3ea7884f3b816aa2476453253e64
      size: 140
